
Microsoft Visual Studio Solution File, Format Version 12.00
# Visual Studio Version 17
VisualStudioVersion = 17.3.32922.545
MinimumVisualStudioVersion = 10.0.40219.1
Project("{FAE04EC0-301F-11D3-BF4B-00C04F79EFBC}") = "SPM.API", "SPM.API\SPM.API.csproj", "{0283203F-4848-4553-AD9B-BFE73174CD70}"
EndProject
Global
	GlobalSection(SolutionConfigurationPlatforms) = preSolution
		Debug|Any CPU = Debug|Any CPU
		Release|Any CPU = Release|Any CPU
	EndGlobalSection
	GlobalSection(ProjectConfigurationPlatforms) = postSolution
		{0283203F-4848-4553-AD9B-BFE73174CD70}.Debug|Any CPU.ActiveCfg = Debug|Any CPU
		{0283203F-4848-4553-AD9B-BFE73174CD70}.Debug|Any CPU.Build.0 = Debug|Any CPU
		{0283203F-4848-4553-AD9B-BFE73174CD70}.Release|Any CPU.ActiveCfg = Release|Any CPU
		{0283203F-4848-4553-AD9B-BFE73174CD70}.Release|Any CPU.Build.0 = Release|Any CPU
	EndGlobalSection
	GlobalSection(SolutionProperties) = preSolution
		HideSolutionNode = FALSE
	EndGlobalSection
	GlobalSection(ExtensibilityGlobals) = postSolution
		SolutionGuid = {7A2DFA53-86F5-4AE3-BFD0-477972758243}
	EndGlobalSection
EndGlobal
